
Microsoft Visual Studio Solution File, Format Version 12.00
# Visual Studio Version 17
VisualStudioVersion = 17.4.33205.214
MinimumVisualStudioVersion = 10.0.40219.1
Project("{9A19103F-16F7-4668-BE54-9A1E7A4F7556}") = "Курсовая работа. БД", "Курсовая работа. БД\Курсовая работа. БД.csproj", "{4FF34888-2EC8-44E0-A758-7A631D5AB11F}"
EndProject
Project("{FAE04EC0-301F-11D3-BF4B-00C04F79EFBC}") = "oldRegistration", "oldRegistrationStaff\oldRegistration.csproj", "{49AFDF88-C04F-4988-B39C-3711097F6176}"
EndProject
Project("{9A19103F-16F7-4668-BE54-9A1E7A4F7556}") = "RegistrationStaff", "RegistrationStaff\RegistrationStaff.csproj", "{EE5C2F35-12D9-4874-9EAB-7108C0C2286D}"
EndProject
Global
	GlobalSection(SolutionConfigurationPlatforms) = preSolution
		Debug|Any CPU = Debug|Any CPU
		Release|Any CPU = Release|Any CPU
	EndGlobalSection
	GlobalSection(ProjectConfigurationPlatforms) = postSolution
		{4FF34888-2EC8-44E0-A758-7A631D5AB11F}.Debug|Any CPU.ActiveCfg = Debug|Any CPU
		{4FF34888-2EC8-44E0-A758-7A631D5AB11F}.Debug|Any CPU.Build.0 = Debug|Any CPU
		{4FF34888-2EC8-44E0-A758-7A631D5AB11F}.Release|Any CPU.ActiveCfg = Release|Any CPU
		{4FF34888-2EC8-44E0-A758-7A631D5AB11F}.Release|Any CPU.Build.0 = Release|Any CPU
		{49AFDF88-C04F-4988-B39C-3711097F6176}.Debug|Any CPU.ActiveCfg = Debug|Any CPU
		{49AFDF88-C04F-4988-B39C-3711097F6176}.Debug|Any CPU.Build.0 = Debug|Any CPU
		{49AFDF88-C04F-4988-B39C-3711097F6176}.Release|Any CPU.ActiveCfg = Release|Any CPU
		{49AFDF88-C04F-4988-B39C-3711097F6176}.Release|Any CPU.Build.0 = Release|Any CPU
		{EE5C2F35-12D9-4874-9EAB-7108C0C2286D}.Debug|Any CPU.ActiveCfg = Debug|Any CPU
		{EE5C2F35-12D9-4874-9EAB-7108C0C2286D}.Debug|Any CPU.Build.0 = Debug|Any CPU
		{EE5C2F35-12D9-4874-9EAB-7108C0C2286D}.Release|Any CPU.ActiveCfg = Release|Any CPU
		{EE5C2F35-12D9-4874-9EAB-7108C0C2286D}.Release|Any CPU.Build.0 = Release|Any CPU
	EndGlobalSection
	GlobalSection(SolutionProperties) = preSolution
		HideSolutionNode = FALSE
	EndGlobalSection
	GlobalSection(ExtensibilityGlobals) = postSolution
		SolutionGuid = {EFFADD28-51EE-4A4E-8AC1-33017DC7D03C}
	EndGlobalSection
EndGlobal
